
Microsoft Visual Studio Solution File, Format Version 12.00
# Visual Studio 14
VisualStudioVersion = 14.0.25420.1
MinimumVisualStudioVersion = 10.0.40219.1
Project("{FAE04EC0-301F-11D3-BF4B-00C04F79EFBC}") = "weekOne_dayFour", "weekOne_dayFour\weekOne_dayFour.csproj", "{CC39C3E8-81B7-4031-8879-672AA5EAB2DF}"
EndProject
Global
	GlobalSection(SolutionConfigurationPlatforms) = preSolution
		Debug|Any CPU = Debug|Any CPU
		Release|Any CPU = Release|Any CPU
	EndGlobalSection
	GlobalSection(ProjectConfigurationPlatforms) = postSolution
		{CC39C3E8-81B7-4031-8879-672AA5EAB2DF}.Debug|Any CPU.ActiveCfg = Debug|Any CPU
		{CC39C3E8-81B7-4031-8879-672AA5EAB2DF}.Debug|Any CPU.Build.0 = Debug|Any CPU
		{CC39C3E8-81B7-4031-8879-672AA5EAB2DF}.Release|Any CPU.ActiveCfg = Release|Any CPU
		{CC39C3E8-81B7-4031-8879-672AA5EAB2DF}.Release|Any CPU.Build.0 = Release|Any CPU
	EndGlobalSection
	GlobalSection(SolutionProperties) = preSolution
		HideSolutionNode = FALSE
	EndGlobalSection
EndGlobal
